
Microsoft Visual Studio Solution File, Format Version 12.00
# Visual Studio Version 17
VisualStudioVersion = 17.4.33122.133
MinimumVisualStudioVersion = 10.0.40219.1
Project("{FAE04EC0-301F-11D3-BF4B-00C04F79EFBC}") = "PokedexMVVM.Android", "PokedexMVVM.Android\PokedexMVVM.Android.csproj", "{5B48907D-DE15-495B-984A-1F0D90DCDBC5}"
EndProject
Project("{FAE04EC0-301F-11D3-BF4B-00C04F79EFBC}") = "PokedexMVVM.iOS", "PokedexMVVM.iOS\PokedexMVVM.iOS.csproj", "{40F4B6F6-C9A8-45FD-842B-F522E1A448A8}"
EndProject
Project("{FAE04EC0-301F-11D3-BF4B-00C04F79EFBC}") = "PokedexMVVM", "PokedexMVVM\PokedexMVVM.csproj", "{B3CA0C92-E361-45FD-B6E2-863C9616BEA2}"
EndProject
Global
	GlobalSection(SolutionConfigurationPlatforms) = preSolution
		Debug|Any CPU = Debug|Any CPU
		Debug|iPhone = Debug|iPhone
		Debug|iPhoneSimulator = Debug|iPhoneSimulator
		Release|Any CPU = Release|Any CPU
		Release|iPhone = Release|iPhone
		Release|iPhoneSimulator = Release|iPhoneSimulator
	EndGlobalSection
	GlobalSection(ProjectConfigurationPlatforms) = postSolution
		{5B48907D-DE15-495B-984A-1F0D90DCDBC5}.Debug|Any CPU.ActiveCfg = Debug|Any CPU
		{5B48907D-DE15-495B-984A-1F0D90DCDBC5}.Debug|Any CPU.Build.0 = Debug|Any CPU
		{5B48907D-DE15-495B-984A-1F0D90DCDBC5}.Debug|Any CPU.Deploy.0 = Debug|Any CPU
		{5B48907D-DE15-495B-984A-1F0D90DCDBC5}.Debug|iPhone.ActiveCfg = Debug|Any CPU
		{5B48907D-DE15-495B-984A-1F0D90DCDBC5}.Debug|iPhone.Build.0 = Debug|Any CPU
		{5B48907D-DE15-495B-984A-1F0D90DCDBC5}.Debug|iPhone.Deploy.0 = Debug|Any CPU
		{5B48907D-DE15-495B-984A-1F0D90DCDBC5}.Debug|iPhoneSimulator.ActiveCfg = Debug|Any CPU
		{5B48907D-DE15-495B-984A-1F0D90DCDBC5}.Debug|iPhoneSimulator.Build.0 = Debug|Any CPU
		{5B48907D-DE15-495B-984A-1F0D90DCDBC5}.Debug|iPhoneSimulator.Deploy.0 = Debug|Any CPU
		{5B48907D-DE15-495B-984A-1F0D90DCDBC5}.Release|Any CPU.ActiveCfg = Release|Any CPU
		{5B48907D-DE15-495B-984A-1F0D90DCDBC5}.Release|Any CPU.Build.0 = Release|Any CPU
		{5B48907D-DE15-495B-984A-1F0D90DCDBC5}.Release|Any CPU.Deploy.0 = Release|Any CPU
		{5B48907D-DE15-495B-984A-1F0D90DCDBC5}.Release|iPhone.ActiveCfg = Release|Any CPU
		{5B48907D-DE15-495B-984A-1F0D90DCDBC5}.Release|iPhone.Build.0 = Release|Any CPU
		{5B48907D-DE15-495B-984A-1F0D90DCDBC5}.Release|iPhone.Deploy.0 = Release|Any CPU
		{5B48907D-DE15-495B-984A-1F0D90DCDBC5}.Release|iPhoneSimulator.ActiveCfg = Release|Any CPU
		{5B48907D-DE15-495B-984A-1F0D90DCDBC5}.Release|iPhoneSimulator.Build.0 = Release|Any CPU
		{5B48907D-DE15-495B-984A-1F0D90DCDBC5}.Release|iPhoneSimulator.Deploy.0 = Release|Any CPU
		{40F4B6F6-C9A8-45FD-842B-F522E1A448A8}.Debug|Any CPU.ActiveCfg = Debug|iPhone
		{40F4B6F6-C9A8-45FD-842B-F522E1A448A8}.Debug|Any CPU.Build.0 = Debug|iPhone
		{40F4B6F6-C9A8-45FD-842B-F522E1A448A8}.Debug|Any CPU.Deploy.0 = Debug|iPhone
		{40F4B6F6-C9A8-45FD-842B-F522E1A448A8}.Debug|iPhone.ActiveCfg = Debug|iPhone
		{40F4B6F6-C9A8-45FD-842B-F522E1A448A8}.Debug|iPhone.Build.0 = Debug|iPhone
		{40F4B6F6-C9A8-45FD-842B-F522E1A448A8}.Debug|iPhone.Deploy.0 = Debug|iPhone
		{40F4B6F6-C9A8-45FD-842B-F522E1A448A8}.Debug|iPhoneSimulator.ActiveCfg = Debug|iPhoneSimulator
		{40F4B6F6-C9A8-45FD-842B-F522E1A448A8}.Debug|iPhoneSimulator.Build.0 = Debug|iPhoneSimulator
		{40F4B6F6-C9A8-45FD-842B-F522E1A448A8}.Debug|iPhoneSimulator.Deploy.0 = Debug|iPhoneSimulator
		{40F4B6F6-C9A8-45FD-842B-F522E1A448A8}.Release|Any CPU.ActiveCfg = Release|iPhoneSimulator
		{40F4B6F6-C9A8-45FD-842B-F522E1A448A8}.Release|Any CPU.Build.0 = Release|iPhoneSimulator
		{40F4B6F6-C9A8-45FD-842B-F522E1A448A8}.Release|Any CPU.Deploy.0 = Release|iPhoneSimulator
		{40F4B6F6-C9A8-45FD-842B-F522E1A448A8}.Release|iPhone.ActiveCfg = Release|iPhone
		{40F4B6F6-C9A8-45FD-842B-F522E1A448A8}.Release|iPhone.Build.0 = Release|iPhone
		{40F4B6F6-C9A8-45FD-842B-F522E1A448A8}.Release|iPhone.Deploy.0 = Release|iPhone
		{40F4B6F6-C9A8-45FD-842B-F522E1A448A8}.Release|iPhoneSimulator.ActiveCfg = Release|iPhoneSimulator
		{40F4B6F6-C9A8-45FD-842B-F522E1A448A8}.Release|iPhoneSimulator.Build.0 = Release|iPhoneSimulator
		{40F4B6F6-C9A8-45FD-842B-F522E1A448A8}.Release|iPhoneSimulator.Deploy.0 = Release|iPhoneSimulator
		{B3CA0C92-E361-45FD-B6E2-863C9616BEA2}.Debug|Any CPU.ActiveCfg = Debug|Any CPU
		{B3CA0C92-E361-45FD-B6E2-863C9616BEA2}.Debug|Any CPU.Build.0 = Debug|Any CPU
		{B3CA0C92-E361-45FD-B6E2-863C9616BEA2}.Debug|Any CPU.Deploy.0 = Debug|Any CPU
		{B3CA0C92-E361-45FD-B6E2-863C9616BEA2}.Debug|iPhone.ActiveCfg = Debug|Any CPU
		{B3CA0C92-E361-45FD-B6E2-863C9616BEA2}.Debug|iPhone.Build.0 = Debug|Any CPU
		{B3CA0C92-E361-45FD-B6E2-863C9616BEA2}.Debug|iPhone.Deploy.0 = Debug|Any CPU
		{B3CA0C92-E361-45FD-B6E2-863C9616BEA2}.Debug|iPhoneSimulator.ActiveCfg = Debug|Any CPU
		{B3CA0C92-E361-45FD-B6E2-863C9616BEA2}.Debug|iPhoneSimulator.Build.0 = Debug|Any CPU
		{B3CA0C92-E361-45FD-B6E2-863C9616BEA2}.Debug|iPhoneSimulator.Deploy.0 = Debug|Any CPU
		{B3CA0C92-E361-45FD-B6E2-863C9616BEA2}.Release|Any CPU.ActiveCfg = Release|Any CPU
		{B3CA0C92-E361-45FD-B6E2-863C9616BEA2}.Release|Any CPU.Build.0 = Release|Any CPU
		{B3CA0C92-E361-45FD-B6E2-863C9616BEA2}.Release|Any CPU.Deploy.0 = Release|Any CPU
		{B3CA0C92-E361-45FD-B6E2-863C9616BEA2}.Release|iPhone.ActiveCfg = Release|Any CPU
		{B3CA0C92-E361-45FD-B6E2-863C9616BEA2}.Release|iPhone.Build.0 = Release|Any CPU
		{B3CA0C92-E361-45FD-B6E2-863C9616BEA2}.Release|iPhone.Deploy.0 = Release|Any CPU
		{B3CA0C92-E361-45FD-B6E2-863C9616BEA2}.Release|iPhoneSimulator.ActiveCfg = Release|Any CPU
		{B3CA0C92-E361-45FD-B6E2-863C9616BEA2}.Release|iPhoneSimulator.Build.0 = Release|Any CPU
		{B3CA0C92-E361-45FD-B6E2-863C9616BEA2}.Release|iPhoneSimulator.Deploy.0 = Release|Any CPU
	EndGlobalSection
	GlobalSection(SolutionProperties) = preSolution
		HideSolutionNode = FALSE
	EndGlobalSection
	GlobalSection(ExtensibilityGlobals) = postSolution
		SolutionGuid = {06634F38-D126-4E6A-9667-70FB3BE58D4F}
	EndGlobalSection
EndGlobal
